<Solution>
  <Configurations>
    <BuildType Name="Debug" />
    <BuildType Name="Default" />
    <BuildType Name="Release" />
  </Configurations>
  <Project Path="Health Clinic System/Health Clinic System.vbproj" Id="c4e69934-8242-4ddf-aa4c-0118eac51599">
    <BuildType Solution="Default|*" Project="Release" />
    <Build Solution="Default|*" Project="false" />
  </Project>
</Solution>
